<Solution>
  <Configurations>
    <Platform Name="Any CPU" />
    <Platform Name="x64" />
    <Platform Name="x86" />
  </Configurations>
  <Project Path="labaratory-work-1/labaratory-work-1.vcxproj" Id="2d130786-a151-4662-bbc1-1c32ba0cafa0" />
  <Project Path="labaratory-work-2/labaratory-work-2.csproj" Id="21e2fc29-5c3f-45c1-a4dc-18aa46b4f260" />
</Solution>
